{
  "name": "chrtv-platform",
  "version": "1.0.9",
  "lockfileVersion": 3,
  "requires": true,
  "packages": {
    "": {
      "name": "chrtv-platform",
      "version": "1.0.9",
      "hasInstallScript": true,
      "dependencies": {
        "leaflet": "^1.9.4"
      },
      "devDependencies": {
        "tailwindcss": "^4.2.4"
      }
    },
    "node_modules/leaflet": {
      "version": "1.9.4",
      "resolved": "https://registry.npmjs.org/leaflet/-/leaflet-1.9.4.tgz",
      "integrity": "sha512-nxS1ynzJOmOlHp+iL3FyWqK89GtNL8U8rvlMOsQdTTssxZwCXh8N2NB3GDQOL+YR3XnWyZAxwQixURb+FA74PA==",
      "license": "BSD-2-Clause"
    },
    "node_modules/tailwindcss": {
      "version": "4.2.4",
      "resolved": "https://registry.npmjs.org/tailwindcss/-/tailwindcss-4.2.4.tgz",
      "integrity": "sha512-HhKppgO81FQof5m6TEnuBWCZGgfRAWbaeOaGT00KOy/Pf/j6oUihdvBpA7ltCeAvZpFhW3j0PTclkxsd4IXYDA==",
      "dev": true,
      "license": "MIT"
    }
  }
}
